
Microsoft Visual Studio Solution File, Format Version 12.00
# Visual Studio Version 17
VisualStudioVersion = 17.13.35931.197 d17.13
MinimumVisualStudioVersion = 10.0.40219.1
Project("{FAE04EC0-301F-11D3-BF4B-00C04F79EFBC}") = "QLKS  Luxury", "QLKS  Luxury\QLKS  Luxury.csproj", "{359ECA4B-A1A8-4585-A39B-BCAA3A46A59D}"
EndProject
Global
	GlobalSection(SolutionConfigurationPlatforms) = preSolution
		Debug|Any CPU = Debug|Any CPU
		Release|Any CPU = Release|Any CPU
	EndGlobalSection
	GlobalSection(ProjectConfigurationPlatforms) = postSolution
		{359ECA4B-A1A8-4585-A39B-BCAA3A46A59D}.Debug|Any CPU.ActiveCfg = Debug|Any CPU
		{359ECA4B-A1A8-4585-A39B-BCAA3A46A59D}.Debug|Any CPU.Build.0 = Debug|Any CPU
		{359ECA4B-A1A8-4585-A39B-BCAA3A46A59D}.Release|Any CPU.ActiveCfg = Release|Any CPU
		{359ECA4B-A1A8-4585-A39B-BCAA3A46A59D}.Release|Any CPU.Build.0 = Release|Any CPU
	EndGlobalSection
	GlobalSection(SolutionProperties) = preSolution
		HideSolutionNode = FALSE
	EndGlobalSection
	GlobalSection(ExtensibilityGlobals) = postSolution
		SolutionGuid = {E574C646-CB13-4A08-8687-79DA958BFA17}
	EndGlobalSection
EndGlobal
